<?xml version="1.0" encoding="utf-8"?>
<Project ToolsVersion="4.0" xmlns="http://schemas.microsoft.com/developer/msbuild/2003">
  <ItemGroup>
    <Filter Include="Common">
      <UniqueIdentifier>2acb4ee8-0edd-42fa-a7da-2701cf3c03fe</UniqueIdentifier>
    </Filter>
    <Filter Include="Assets">
      <UniqueIdentifier>7ebf47e8-ba54-410d-aae3-9bc081748a66</UniqueIdentifier>
      <Extensions>ico;cur;bmp;dds;dlg;fbx;rct;bin;rgs;gif;jpg;jpeg;jpe;resx;tga;tiff;tif;png;wav;mfcribbon-ms</Extensions>
    </Filter>
    <Filter Include="Object">
      <UniqueIdentifier>{78f8537a-6775-4ec0-bb6c-2b737ab03abe}</UniqueIdentifier>
    </Filter>
    <Filter Include="Debug">
      <UniqueIdentifier>{5372218d-5981-44b8-9c29-13d4f6286189}</UniqueIdentifier>
    </Filter>
    <Filter Include="Manager">
      <UniqueIdentifier>{76ba27d4-f84e-4b54-b4f0-2cd052d5f74f}</UniqueIdentifier>
    </Filter>
    <Filter Include="Object\Enemy">
      <UniqueIdentifier>{8568d1ac-01fb-464e-8509-26783509192a}</UniqueIdentifier>
    </Filter>
    <Filter Include="GameScene">
      <UniqueIdentifier>{562db1f7-eb02-4020-854d-f7e9099ca424}</UniqueIdentifier>
    </Filter>
    <Filter Include="Boids">
      <UniqueIdentifier>{db3d4ccd-7398-4719-a4bb-582ff6fa2150}</UniqueIdentifier>
    </Filter>
  </ItemGroup>
  <ItemGroup>
    <ClInclude Include="Game.h" />
    <ClInclude Include="StepTimer.h">
      <Filter>Common</Filter>
    </ClInclude>
    <ClInclude Include="DeviceResources.h">
      <Filter>Common</Filter>
    </ClInclude>
    <ClInclude Include="Bullet.h">
      <Filter>Object</Filter>
    </ClInclude>
    <ClInclude Include="Floor.h">
      <Filter>Object</Filter>
    </ClInclude>
    <ClInclude Include="Player.h">
      <Filter>Object</Filter>
    </ClInclude>
    <ClInclude Include="Weapon.h">
      <Filter>Object</Filter>
    </ClInclude>
    <ClInclude Include="Utilities.h">
      <Filter>Common</Filter>
    </ClInclude>
    <ClInclude Include="Projection.h">
      <Filter>Common</Filter>
    </ClInclude>
    <ClInclude Include="pch.h">
      <Filter>Common</Filter>
    </ClInclude>
    <ClInclude Include="Singleton.h">
      <Filter>Common</Filter>
    </ClInclude>
    <ClInclude Include="DebugCamera.h">
      <Filter>Debug</Filter>
    </ClInclude>
    <ClInclude Include="DebugFont.h">
      <Filter>Debug</Filter>
    </ClInclude>
    <ClInclude Include="GridFloor.h">
      <Filter>Debug</Filter>
    </ClInclude>
    <ClInclude Include="FollowCamera.h">
      <Filter>Object</Filter>
    </ClInclude>
    <ClInclude Include="GameContext.h">
      <Filter>Common</Filter>
    </ClInclude>
    <ClInclude Include="Collision.h">
      <Filter>Manager</Filter>
    </ClInclude>
    <ClInclude Include="ServiceLocator.h">
      <Filter>Common</Filter>
    </ClInclude>
    <ClInclude Include="Enemy.h">
      <Filter>Object\Enemy</Filter>
    </ClInclude>
    <ClInclude Include="GameScene.h">
      <Filter>GameScene</Filter>
    </ClInclude>
    <ClInclude Include="GameSceneManager.h">
      <Filter>GameScene</Filter>
    </ClInclude>
    <ClInclude Include="PlayScene.h">
      <Filter>GameScene</Filter>
    </ClInclude>
    <ClInclude Include="ResultScene.h">
      <Filter>GameScene</Filter>
    </ClInclude>
    <ClInclude Include="TitleScene.h">
      <Filter>GameScene</Filter>
    </ClInclude>
    <ClInclude Include="GameObject.h">
      <Filter>Object</Filter>
    </ClInclude>
    <ClInclude Include="Boid.h">
      <Filter>Boids</Filter>
    </ClInclude>
    <ClInclude Include="Flock.h">
      <Filter>Boids</Filter>
    </ClInclude>
    <ClInclude Include="Sound.h">
      <Filter>Manager</Filter>
    </ClInclude>
    <ClInclude Include="HPGauge.h">
      <Filter>Object</Filter>
    </ClInclude>
    <ClInclude Include="MouseCursor.h" />
  </ItemGroup>
  <ItemGroup>
    <ClCompile Include="Game.cpp" />
    <ClCompile Include="Main.cpp" />
    <ClCompile Include="DeviceResources.cpp">
      <Filter>Common</Filter>
    </ClCompile>
    <ClCompile Include="Bullet.cpp">
      <Filter>Object</Filter>
    </ClCompile>
    <ClCompile Include="Floor.cpp">
      <Filter>Object</Filter>
    </ClCompile>
    <ClCompile Include="Player.cpp">
      <Filter>Object</Filter>
    </ClCompile>
    <ClCompile Include="Weapon.cpp">
      <Filter>Object</Filter>
    </ClCompile>
    <ClCompile Include="pch.cpp">
      <Filter>Common</Filter>
    </ClCompile>
    <ClCompile Include="DebugCamera.cpp">
      <Filter>Debug</Filter>
    </ClCompile>
    <ClCompile Include="DebugFont.cpp">
      <Filter>Debug</Filter>
    </ClCompile>
    <ClCompile Include="GridFloor.cpp">
      <Filter>Debug</Filter>
    </ClCompile>
    <ClCompile Include="FollowCamera.cpp">
      <Filter>Object</Filter>
    </ClCompile>
    <ClCompile Include="Collision.cpp">
      <Filter>Manager</Filter>
    </ClCompile>
    <ClCompile Include="Enemy.cpp">
      <Filter>Object\Enemy</Filter>
    </ClCompile>
    <ClCompile Include="GameSceneManager.cpp">
      <Filter>GameScene</Filter>
    </ClCompile>
    <ClCompile Include="PlayScene.cpp">
      <Filter>GameScene</Filter>
    </ClCompile>
    <ClCompile Include="ResultScene.cpp">
      <Filter>GameScene</Filter>
    </ClCompile>
    <ClCompile Include="TitleScene.cpp">
      <Filter>GameScene</Filter>
    </ClCompile>
    <ClCompile Include="GameObject.cpp">
      <Filter>Object</Filter>
    </ClCompile>
    <ClCompile Include="Boid.cpp">
      <Filter>Boids</Filter>
    </ClCompile>
    <ClCompile Include="Flock.cpp">
      <Filter>Boids</Filter>
    </ClCompile>
    <ClCompile Include="Sound.cpp">
      <Filter>Manager</Filter>
    </ClCompile>
    <ClCompile Include="HPGauge.cpp">
      <Filter>Object</Filter>
    </ClCompile>
    <ClCompile Include="MouseCursor.cpp" />
  </ItemGroup>
  <ItemGroup>
    <Image Include="directx.ico">
      <Filter>Assets</Filter>
    </Image>
  </ItemGroup>
  <ItemGroup>
    <Manifest Include="settings.manifest">
      <Filter>Assets</Filter>
    </Manifest>
  </ItemGroup>
  <ItemGroup>
    <MeshContentTask Include="..\Gungeon\Enemy1.FBX">
      <Filter>Assets</Filter>
    </MeshContentTask>
    <MeshContentTask Include="..\Gungeon\tank.FBX">
      <Filter>Assets</Filter>
    </MeshContentTask>
    <MeshContentTask Include="..\Gungeon\Enemy2.FBX">
      <Filter>Assets</Filter>
    </MeshContentTask>
    <MeshContentTask Include="floor.FBX">
      <Filter>Assets</Filter>
    </MeshContentTask>
  </ItemGroup>
  <ItemGroup>
    <ResourceCompile Include="resource.rc">
      <Filter>Common</Filter>
    </ResourceCompile>
  </ItemGroup>
</Project>