<?xml version="1.0" encoding="utf-8"?>
<Project ToolsVersion="4.0" xmlns="http://schemas.microsoft.com/developer/msbuild/2003">
  <ItemGroup>
    <Filter Include="Common">
      <UniqueIdentifier>2acb4ee8-0edd-42fa-a7da-2701cf3c03fe</UniqueIdentifier>
    </Filter>
    <Filter Include="Assets">
      <UniqueIdentifier>7ebf47e8-ba54-410d-aae3-9bc081748a66</UniqueIdentifier>
      <Extensions>ico;cur;bmp;dds;dlg;fbx;rct;bin;rgs;gif;jpg;jpeg;jpe;resx;tga;tiff;tif;png;wav;mfcribbon-ms</Extensions>
    </Filter>
    <Filter Include="GameScene">
      <UniqueIdentifier>{562db1f7-eb02-4020-854d-f7e9099ca424}</UniqueIdentifier>
    </Filter>
    <Filter Include="Object">
      <UniqueIdentifier>{78f8537a-6775-4ec0-bb6c-2b737ab03abe}</UniqueIdentifier>
    </Filter>
    <Filter Include="Object\Enemy">
      <UniqueIdentifier>{8568d1ac-01fb-464e-8509-26783509192a}</UniqueIdentifier>
    </Filter>
    <Filter Include="Sound">
      <UniqueIdentifier>{7dc21abd-c84b-4f0c-9b51-df46b2fa65c1}</UniqueIdentifier>
    </Filter>
    <Filter Include="Sound\TitleScene">
      <UniqueIdentifier>{adef2894-2ee5-42e4-b4e8-ddbaab9945bd}</UniqueIdentifier>
    </Filter>
    <Filter Include="Sound\PlayScene">
      <UniqueIdentifier>{205bfd31-1451-4e01-a628-fb6d4ca24bc3}</UniqueIdentifier>
    </Filter>
    <Filter Include="Effect">
      <UniqueIdentifier>{5eceb251-eb2e-4188-bd8c-cdf55bb4fa6a}</UniqueIdentifier>
    </Filter>
    <Filter Include="Effect\Warning">
      <UniqueIdentifier>{7e010480-3041-4aa5-8239-2903c293cf03}</UniqueIdentifier>
    </Filter>
    <Filter Include="Object\Stage">
      <UniqueIdentifier>{269e3fc4-aa26-4494-be68-1c8e6b227adc}</UniqueIdentifier>
    </Filter>
    <Filter Include="Object\Manager">
      <UniqueIdentifier>{76ba27d4-f84e-4b54-b4f0-2cd052d5f74f}</UniqueIdentifier>
    </Filter>
  </ItemGroup>
  <ItemGroup>
    <ClInclude Include="Game.h" />
    <ClInclude Include="StepTimer.h">
      <Filter>Common</Filter>
    </ClInclude>
    <ClInclude Include="DeviceResources.h">
      <Filter>Common</Filter>
    </ClInclude>
    <ClInclude Include="Projection.h">
      <Filter>Common</Filter>
    </ClInclude>
    <ClInclude Include="pch.h">
      <Filter>Common</Filter>
    </ClInclude>
    <ClInclude Include="Singleton.h">
      <Filter>Common</Filter>
    </ClInclude>
    <ClInclude Include="FollowCamera.h">
      <Filter>Object</Filter>
    </ClInclude>
    <ClInclude Include="Collision.h">
      <Filter>Object\Manager</Filter>
    </ClInclude>
    <ClInclude Include="ServiceLocator.h">
      <Filter>Common</Filter>
    </ClInclude>
    <ClInclude Include="TitleScene.h">
      <Filter>GameScene</Filter>
    </ClInclude>
    <ClInclude Include="GameObject.h">
      <Filter>Object</Filter>
    </ClInclude>
    <ClInclude Include="File.h">
      <Filter>Effect</Filter>
    </ClInclude>
    <ClInclude Include="Adx2Le.h">
      <Filter>Sound</Filter>
    </ClInclude>
    <ClInclude Include="EffectMask.h">
      <Filter>Effect</Filter>
    </ClInclude>
    <ClInclude Include="TitleSoundSeet.h">
      <Filter>Sound\TitleScene</Filter>
    </ClInclude>
    <ClInclude Include="PlaySceneSound.h">
      <Filter>Sound\PlayScene</Filter>
    </ClInclude>
    <ClInclude Include="PlayerSound.h">
      <Filter>Sound\PlayScene</Filter>
    </ClInclude>
    <ClInclude Include="WarningMessage.h">
      <Filter>Effect\Warning</Filter>
    </ClInclude>
    <ClInclude Include="WarningEffect.h">
      <Filter>Effect\Warning</Filter>
    </ClInclude>
    <ClInclude Include="WarningLine.h">
      <Filter>Effect\Warning</Filter>
    </ClInclude>
    <ClInclude Include="Floor.h">
      <Filter>Object\Stage</Filter>
    </ClInclude>
    <ClInclude Include="Wall.h">
      <Filter>Object\Stage</Filter>
    </ClInclude>
    <ClInclude Include="ResultGameOverScene.h">
      <Filter>GameScene</Filter>
    </ClInclude>
    <ClInclude Include="ResultClearScene.h">
      <Filter>GameScene</Filter>
    </ClInclude>
    <ClInclude Include="GameContext.h">
      <Filter>Common</Filter>
    </ClInclude>
    <ClInclude Include="EnemyData.h">
      <Filter>Object\Enemy</Filter>
    </ClInclude>
    <ClInclude Include="ResourceManager.h">
      <Filter>Object\Manager</Filter>
    </ClInclude>
    <ClInclude Include="SceneManager.h">
      <Filter>Object\Manager</Filter>
    </ClInclude>
    <ClInclude Include="Enemy.h">
      <Filter>Object\Enemy</Filter>
    </ClInclude>
    <ClInclude Include="Bullet.h">
      <Filter>Object</Filter>
    </ClInclude>
    <ClInclude Include="Player.h">
      <Filter>Object</Filter>
    </ClInclude>
    <ClInclude Include="BulletManager.h">
      <Filter>Object\Manager</Filter>
    </ClInclude>
    <ClInclude Include="PlayScene.h">
      <Filter>GameScene</Filter>
    </ClInclude>
    <ClInclude Include="Utilities.h" />
    <ClInclude Include="Reticle.h">
      <Filter>Object</Filter>
    </ClInclude>
  </ItemGroup>
  <ItemGroup>
    <ClCompile Include="Game.cpp" />
    <ClCompile Include="Main.cpp" />
    <ClCompile Include="DeviceResources.cpp">
      <Filter>Common</Filter>
    </ClCompile>
    <ClCompile Include="pch.cpp">
      <Filter>Common</Filter>
    </ClCompile>
    <ClCompile Include="FollowCamera.cpp">
      <Filter>Object</Filter>
    </ClCompile>
    <ClCompile Include="Collision.cpp">
      <Filter>Object\Manager</Filter>
    </ClCompile>
    <ClCompile Include="TitleScene.cpp">
      <Filter>GameScene</Filter>
    </ClCompile>
    <ClCompile Include="GameObject.cpp">
      <Filter>Object</Filter>
    </ClCompile>
    <ClCompile Include="File.cpp">
      <Filter>Effect</Filter>
    </ClCompile>
    <ClCompile Include="Adx2Le.cpp">
      <Filter>Sound</Filter>
    </ClCompile>
    <ClCompile Include="EffectMask.cpp">
      <Filter>Effect</Filter>
    </ClCompile>
    <ClCompile Include="WarningEffect.cpp">
      <Filter>Effect\Warning</Filter>
    </ClCompile>
    <ClCompile Include="WarningLine.cpp">
      <Filter>Effect\Warning</Filter>
    </ClCompile>
    <ClCompile Include="WarningMessage.cpp">
      <Filter>Effect\Warning</Filter>
    </ClCompile>
    <ClCompile Include="Floor.cpp">
      <Filter>Object\Stage</Filter>
    </ClCompile>
    <ClCompile Include="Wall.cpp">
      <Filter>Object\Stage</Filter>
    </ClCompile>
    <ClCompile Include="ResultClearScene.cpp">
      <Filter>GameScene</Filter>
    </ClCompile>
    <ClCompile Include="ResultGameOverScene.cpp">
      <Filter>GameScene</Filter>
    </ClCompile>
    <ClCompile Include="ResourceManager.cpp">
      <Filter>Object\Manager</Filter>
    </ClCompile>
    <ClCompile Include="SceneManager.cpp">
      <Filter>Object\Manager</Filter>
    </ClCompile>
    <ClCompile Include="Enemy.cpp">
      <Filter>Object\Enemy</Filter>
    </ClCompile>
    <ClCompile Include="Bullet.cpp">
      <Filter>Object</Filter>
    </ClCompile>
    <ClCompile Include="Player.cpp">
      <Filter>Object</Filter>
    </ClCompile>
    <ClCompile Include="BulletManager.cpp">
      <Filter>Object\Manager</Filter>
    </ClCompile>
    <ClCompile Include="PlayScene.cpp">
      <Filter>GameScene</Filter>
    </ClCompile>
    <ClCompile Include="Reticle.cpp">
      <Filter>Object</Filter>
    </ClCompile>
  </ItemGroup>
  <ItemGroup>
    <Image Include="directx.ico">
      <Filter>Assets</Filter>
    </Image>
  </ItemGroup>
  <ItemGroup>
    <Manifest Include="settings.manifest">
      <Filter>Assets</Filter>
    </Manifest>
  </ItemGroup>
  <ItemGroup>
    <MeshContentTask Include="..\Gungeon\Enemy1.FBX">
      <Filter>Assets</Filter>
    </MeshContentTask>
    <MeshContentTask Include="..\Gungeon\tank.FBX">
      <Filter>Assets</Filter>
    </MeshContentTask>
    <MeshContentTask Include="..\Gungeon\Enemy2.FBX">
      <Filter>Assets</Filter>
    </MeshContentTask>
    <MeshContentTask Include="floor.FBX">
      <Filter>Assets</Filter>
    </MeshContentTask>
    <MeshContentTask Include="Wall.FBX">
      <Filter>Assets</Filter>
    </MeshContentTask>
  </ItemGroup>
  <ItemGroup>
    <ResourceCompile Include="resource.rc">
      <Filter>Common</Filter>
    </ResourceCompile>
  </ItemGroup>
  <ItemGroup>
    <FxCompile Include="MaskShader.hlsl">
      <Filter>Effect</Filter>
    </FxCompile>
  </ItemGroup>
</Project>