<?xml version="1.0" encoding="utf-8"?>
<Project ToolsVersion="4.0" xmlns="http://schemas.microsoft.com/developer/msbuild/2003">
  <ItemGroup>
    <Filter Include="Common">
      <UniqueIdentifier>2acb4ee8-0edd-42fa-a7da-2701cf3c03fe</UniqueIdentifier>
    </Filter>
    <Filter Include="Assets">
      <UniqueIdentifier>7ebf47e8-ba54-410d-aae3-9bc081748a66</UniqueIdentifier>
      <Extensions>ico;cur;bmp;dds;dlg;fbx;rct;bin;rgs;gif;jpg;jpeg;jpe;resx;tga;tiff;tif;png;wav;mfcribbon-ms</Extensions>
    </Filter>
    <Filter Include="GameScene">
      <UniqueIdentifier>{562db1f7-eb02-4020-854d-f7e9099ca424}</UniqueIdentifier>
    </Filter>
    <Filter Include="Object">
      <UniqueIdentifier>{78f8537a-6775-4ec0-bb6c-2b737ab03abe}</UniqueIdentifier>
    </Filter>
    <Filter Include="Object\Enemy">
      <UniqueIdentifier>{8568d1ac-01fb-464e-8509-26783509192a}</UniqueIdentifier>
    </Filter>
    <Filter Include="Sound">
      <UniqueIdentifier>{7dc21abd-c84b-4f0c-9b51-df46b2fa65c1}</UniqueIdentifier>
    </Filter>
    <Filter Include="Sound\TitleScene">
      <UniqueIdentifier>{adef2894-2ee5-42e4-b4e8-ddbaab9945bd}</UniqueIdentifier>
    </Filter>
    <Filter Include="Sound\PlayScene">
      <UniqueIdentifier>{205bfd31-1451-4e01-a628-fb6d4ca24bc3}</UniqueIdentifier>
    </Filter>
    <Filter Include="Effect">
      <UniqueIdentifier>{5eceb251-eb2e-4188-bd8c-cdf55bb4fa6a}</UniqueIdentifier>
    </Filter>
    <Filter Include="Effect\Warning">
      <UniqueIdentifier>{7e010480-3041-4aa5-8239-2903c293cf03}</UniqueIdentifier>
    </Filter>
    <Filter Include="Object\Stage">
      <UniqueIdentifier>{269e3fc4-aa26-4494-be68-1c8e6b227adc}</UniqueIdentifier>
    </Filter>
    <Filter Include="Manager">
      <UniqueIdentifier>{76ba27d4-f84e-4b54-b4f0-2cd052d5f74f}</UniqueIdentifier>
    </Filter>
    <Filter Include="Object\Player">
      <UniqueIdentifier>{e5deb124-9076-4f49-9c7a-1c4397badef7}</UniqueIdentifier>
    </Filter>
  </ItemGroup>
  <ItemGroup>
    <ClInclude Include="Game.h" />
    <ClInclude Include="pch.h">
      <Filter>Common</Filter>
    </ClInclude>
    <ClInclude Include="TitleSoundSeet.h">
      <Filter>Sound\TitleScene</Filter>
    </ClInclude>
    <ClInclude Include="Game\Sound\Adx2Le.h">
      <Filter>Sound</Filter>
    </ClInclude>
    <ClInclude Include="Game\Sound\PlaySceneSound.h">
      <Filter>Sound\PlayScene</Filter>
    </ClInclude>
    <ClInclude Include="Game\Sound\PlayerSound.h">
      <Filter>Sound\PlayScene</Filter>
    </ClInclude>
    <ClInclude Include="Game\Sound\TitleSoundSeet.h">
      <Filter>Sound\TitleScene</Filter>
    </ClInclude>
    <ClInclude Include="Game\Objects\Bullet.h">
      <Filter>Object</Filter>
    </ClInclude>
    <ClInclude Include="Game\Objects\FollowCamera.h">
      <Filter>Object</Filter>
    </ClInclude>
    <ClInclude Include="Game\Objects\GameObject.h">
      <Filter>Object</Filter>
    </ClInclude>
    <ClInclude Include="Game\Objects\Stage\Floor.h">
      <Filter>Object\Stage</Filter>
    </ClInclude>
    <ClInclude Include="Game\Objects\Stage\Wall.h">
      <Filter>Object\Stage</Filter>
    </ClInclude>
    <ClInclude Include="Game\Objects\Player\Player.h">
      <Filter>Object\Player</Filter>
    </ClInclude>
    <ClInclude Include="Game\Objects\Player\Reticle.h">
      <Filter>Object\Player</Filter>
    </ClInclude>
    <ClInclude Include="Game\Objects\Enemy\Enemy.h">
      <Filter>Object\Enemy</Filter>
    </ClInclude>
    <ClInclude Include="Game\Objects\Enemy\EnemyData.h">
      <Filter>Object\Enemy</Filter>
    </ClInclude>
    <ClInclude Include="Game\Manager\Bulletmanager.h">
      <Filter>Manager</Filter>
    </ClInclude>
    <ClInclude Include="Game\Manager\Collision.h">
      <Filter>Manager</Filter>
    </ClInclude>
    <ClInclude Include="Game\Manager\ResourceManager.h">
      <Filter>Manager</Filter>
    </ClInclude>
    <ClInclude Include="Game\Manager\Scenemanager.h">
      <Filter>Manager</Filter>
    </ClInclude>
    <ClInclude Include="Game\GameScene\playscene.h">
      <Filter>GameScene</Filter>
    </ClInclude>
    <ClInclude Include="Game\GameScene\ResultClearScene.h">
      <Filter>GameScene</Filter>
    </ClInclude>
    <ClInclude Include="Game\GameScene\ResultGameOverScene.h">
      <Filter>GameScene</Filter>
    </ClInclude>
    <ClInclude Include="Game\GameScene\titlescene.h">
      <Filter>GameScene</Filter>
    </ClInclude>
    <ClInclude Include="Game\Effects\File.h">
      <Filter>Effect</Filter>
    </ClInclude>
    <ClInclude Include="Game\Effects\Effectmask.h">
      <Filter>Effect</Filter>
    </ClInclude>
    <ClInclude Include="Game\Effects\WarningEffect\WarningEffect.h">
      <Filter>Effect\Warning</Filter>
    </ClInclude>
    <ClInclude Include="Game\Effects\WarningEffect\WarningLine.h">
      <Filter>Effect\Warning</Filter>
    </ClInclude>
    <ClInclude Include="Game\Effects\WarningEffect\WarningMessage.h">
      <Filter>Effect\Warning</Filter>
    </ClInclude>
    <ClInclude Include="Game\Common\DeviceResources.h">
      <Filter>Common</Filter>
    </ClInclude>
    <ClInclude Include="Game\Common\GameContext.h">
      <Filter>Common</Filter>
    </ClInclude>
    <ClInclude Include="Game\Common\Projection.h">
      <Filter>Common</Filter>
    </ClInclude>
    <ClInclude Include="Game\Common\ServiceLocator.h">
      <Filter>Common</Filter>
    </ClInclude>
    <ClInclude Include="Game\Common\Singleton.h">
      <Filter>Common</Filter>
    </ClInclude>
    <ClInclude Include="Game\Common\StepTimer.h">
      <Filter>Common</Filter>
    </ClInclude>
    <ClInclude Include="Game\Common\Utilities.h">
      <Filter>Common</Filter>
    </ClInclude>
  </ItemGroup>
  <ItemGroup>
    <ClCompile Include="Game.cpp" />
    <ClCompile Include="Main.cpp" />
    <ClCompile Include="pch.cpp">
      <Filter>Common</Filter>
    </ClCompile>
    <ClCompile Include="Game\Sound\Adx2Le.cpp">
      <Filter>Sound</Filter>
    </ClCompile>
    <ClCompile Include="Game\Objects\Bullet.cpp">
      <Filter>Object</Filter>
    </ClCompile>
    <ClCompile Include="Game\Objects\FollowCamera.cpp">
      <Filter>Object</Filter>
    </ClCompile>
    <ClCompile Include="Game\Objects\GameObject.cpp">
      <Filter>Object</Filter>
    </ClCompile>
    <ClCompile Include="Game\Objects\Stage\Floor.cpp">
      <Filter>Object\Stage</Filter>
    </ClCompile>
    <ClCompile Include="Game\Objects\Stage\Wall.cpp">
      <Filter>Object\Stage</Filter>
    </ClCompile>
    <ClCompile Include="Game\Objects\Player\Player.cpp">
      <Filter>Object\Player</Filter>
    </ClCompile>
    <ClCompile Include="Game\Objects\Player\Reticle.cpp">
      <Filter>Object\Player</Filter>
    </ClCompile>
    <ClCompile Include="Game\Objects\Enemy\Enemy.cpp">
      <Filter>Object\Enemy</Filter>
    </ClCompile>
    <ClCompile Include="Game\Manager\Collision.cpp">
      <Filter>Manager</Filter>
    </ClCompile>
    <ClCompile Include="Game\Manager\ResourceManager.cpp">
      <Filter>Manager</Filter>
    </ClCompile>
    <ClCompile Include="Game\Manager\SceneManager.cpp">
      <Filter>Manager</Filter>
    </ClCompile>
    <ClCompile Include="Game\Manager\BulletManager.cpp">
      <Filter>Manager</Filter>
    </ClCompile>
    <ClCompile Include="Game\GameScene\PlayScene.cpp">
      <Filter>GameScene</Filter>
    </ClCompile>
    <ClCompile Include="Game\GameScene\ResultClearScene.cpp">
      <Filter>GameScene</Filter>
    </ClCompile>
    <ClCompile Include="Game\GameScene\ResultGameOverScene.cpp">
      <Filter>GameScene</Filter>
    </ClCompile>
    <ClCompile Include="Game\GameScene\TitleScene.cpp">
      <Filter>GameScene</Filter>
    </ClCompile>
    <ClCompile Include="Game\Effects\EffectMask.cpp">
      <Filter>Effect</Filter>
    </ClCompile>
    <ClCompile Include="Game\Effects\File.cpp">
      <Filter>Effect</Filter>
    </ClCompile>
    <ClCompile Include="Game\Effects\WarningEffect\WarningEffect.cpp">
      <Filter>Effect\Warning</Filter>
    </ClCompile>
    <ClCompile Include="Game\Effects\WarningEffect\WarningLine.cpp">
      <Filter>Effect\Warning</Filter>
    </ClCompile>
    <ClCompile Include="Game\Effects\WarningEffect\WarningMessage.cpp">
      <Filter>Effect\Warning</Filter>
    </ClCompile>
    <ClCompile Include="Game\Common\DeviceResources.cpp">
      <Filter>Common</Filter>
    </ClCompile>
  </ItemGroup>
  <ItemGroup>
    <ResourceCompile Include="resource.rc">
      <Filter>Common</Filter>
    </ResourceCompile>
  </ItemGroup>
  <ItemGroup>
    <FxCompile Include="MaskShader.hlsl">
      <Filter>Effect</Filter>
    </FxCompile>
  </ItemGroup>
  <ItemGroup>
    <MeshContentTask Include="Resources\FBX\tank.FBX">
      <Filter>Assets</Filter>
    </MeshContentTask>
    <MeshContentTask Include="Resources\FBX\Wall.FBX">
      <Filter>Assets</Filter>
    </MeshContentTask>
    <MeshContentTask Include="Resources\FBX\Enemy1.FBX">
      <Filter>Assets</Filter>
    </MeshContentTask>
    <MeshContentTask Include="Resources\FBX\Enemy2.FBX">
      <Filter>Assets</Filter>
    </MeshContentTask>
    <MeshContentTask Include="Resources\FBX\floor.FBX">
      <Filter>Assets</Filter>
    </MeshContentTask>
  </ItemGroup>
</Project>